
Microsoft Visual Studio Solution File, Format Version 12.00
# Visual Studio Version 17
VisualStudioVersion = 17.1.31911.260
MinimumVisualStudioVersion = 10.0.40219.1
Project("{2150E333-8FDC-42A3-9474-1A3956D46DE8}") = "Libs", "Libs", "{97C656C4-B860-4751-AC7A-A6A24AA658F9}"
EndProject
Project("{9A19103F-16F7-4668-BE54-9A1E7A4F7556}") = "Gravicode.ExpressionCode", "Gravicode.ExpressionCode\Gravicode.ExpressionCode.csproj", "{11866362-024D-4433-AE33-F460DF9AFBF3}"
EndProject
Project("{9A19103F-16F7-4668-BE54-9A1E7A4F7556}") = "Gravicode.ExpressionEvaluator", "Gravicode.ExpressionEvaluator\Gravicode.ExpressionEvaluator.csproj", "{A58DB891-B673-4EE3-A3F6-3C9693C49200}"
EndProject
Project("{2150E333-8FDC-42A3-9474-1A3956D46DE8}") = "StreamHub", "StreamHub", "{B06D0F78-41D0-4B98-8B9A-FEDB6A6601B7}"
EndProject
Project("{9A19103F-16F7-4668-BE54-9A1E7A4F7556}") = "BMC.StreamProcessor", "BMC.StreamProcessor\BMC.StreamProcessor.csproj", "{BB149B12-2CBF-42FD-8A8F-5344CB9D46FB}"
EndProject
Project("{2150E333-8FDC-42A3-9474-1A3956D46DE8}") = "Test", "Test", "{1AF24BE4-34AA-45CF-8596-6D6C01F3DFD1}"
EndProject
Project("{9A19103F-16F7-4668-BE54-9A1E7A4F7556}") = "TestApp", "TestApp\TestApp.csproj", "{82376FE0-7EED-4A23-8E9D-B7C09B08B932}"
EndProject
Project("{9A19103F-16F7-4668-BE54-9A1E7A4F7556}") = "Gravicode.Tools", "Gravicode.Tools\Gravicode.Tools.csproj", "{51573EDB-68BD-45F4-BCAD-5D5D16FFD54A}"
EndProject
Project("{2150E333-8FDC-42A3-9474-1A3956D46DE8}") = "MqttBroker", "MqttBroker", "{CA314C13-93CD-4E9E-9937-6EFC987ADB3A}"
EndProject
Project("{FAE04EC0-301F-11D3-BF4B-00C04F79EFBC}") = "GnatMQ.Net", "GnatMQ\GnatMQ.Net.csproj", "{4EBFA6E5-0636-496C-8C46-991B05DF7491}"
EndProject
Project("{9A19103F-16F7-4668-BE54-9A1E7A4F7556}") = "BMC.CommonActions", "BMC.CommonActions\BMC.CommonActions.csproj", "{593727CB-41AB-424F-A363-2D077D0F2600}"
EndProject
Project("{2150E333-8FDC-42A3-9474-1A3956D46DE8}") = "Dashboard", "Dashboard", "{CFD52CC7-4028-4B90-9F04-F87B629D91B1}"
EndProject
Project("{2150E333-8FDC-42A3-9474-1A3956D46DE8}") = "Shared", "Shared", "{4D2F7114-AE1E-423E-9F48-4129B8F47A17}"
EndProject
Project("{9A19103F-16F7-4668-BE54-9A1E7A4F7556}") = "BMC.Models", "BMC.Models\BMC.Models.csproj", "{C3C47378-15DC-47DB-BBDA-51F4DFABA1FD}"
EndProject
Project("{9A19103F-16F7-4668-BE54-9A1E7A4F7556}") = "BMC.CloudIoT", "BMC.CloudIoT\BMC.CloudIoT.csproj", "{CCD9599A-76A3-4B1F-BC0D-64C17628B04E}"
EndProject
Project("{9A19103F-16F7-4668-BE54-9A1E7A4F7556}") = "BMC.MessageBroker", "BMC.MessageBroker\BMC.MessageBroker.csproj", "{31A6DE86-46BF-4075-8511-EBA1FB32209A}"
EndProject
Project("{9A19103F-16F7-4668-BE54-9A1E7A4F7556}") = "TestMqtt", "TestMqtt\TestMqtt.csproj", "{67E0A051-E52D-4E78-8444-24CF27520DEC}"
EndProject
Project("{2150E333-8FDC-42A3-9474-1A3956D46DE8}") = "Services", "Services", "{4CA942E0-809B-45F7-A243-5F8C5BA51636}"
EndProject
Project("{9A19103F-16F7-4668-BE54-9A1E7A4F7556}") = "BMC.StreamHub", "BMC.StreamHub\BMC.StreamHub.csproj", "{B7FCE7C4-37B3-46AB-89BF-B509DF837568}"
EndProject
Global
	GlobalSection(SolutionConfigurationPlatforms) = preSolution
		Debug|Any CPU = Debug|Any CPU
		Release|Any CPU = Release|Any CPU
	EndGlobalSection
	GlobalSection(ProjectConfigurationPlatforms) = postSolution
		{11866362-024D-4433-AE33-F460DF9AFBF3}.Debug|Any CPU.ActiveCfg = Debug|Any CPU
		{11866362-024D-4433-AE33-F460DF9AFBF3}.Debug|Any CPU.Build.0 = Debug|Any CPU
		{11866362-024D-4433-AE33-F460DF9AFBF3}.Release|Any CPU.ActiveCfg = Release|Any CPU
		{11866362-024D-4433-AE33-F460DF9AFBF3}.Release|Any CPU.Build.0 = Release|Any CPU
		{A58DB891-B673-4EE3-A3F6-3C9693C49200}.Debug|Any CPU.ActiveCfg = Debug|Any CPU
		{A58DB891-B673-4EE3-A3F6-3C9693C49200}.Debug|Any CPU.Build.0 = Debug|Any CPU
		{A58DB891-B673-4EE3-A3F6-3C9693C49200}.Release|Any CPU.ActiveCfg = Release|Any CPU
		{A58DB891-B673-4EE3-A3F6-3C9693C49200}.Release|Any CPU.Build.0 = Release|Any CPU
		{BB149B12-2CBF-42FD-8A8F-5344CB9D46FB}.Debug|Any CPU.ActiveCfg = Debug|Any CPU
		{BB149B12-2CBF-42FD-8A8F-5344CB9D46FB}.Debug|Any CPU.Build.0 = Debug|Any CPU
		{BB149B12-2CBF-42FD-8A8F-5344CB9D46FB}.Release|Any CPU.ActiveCfg = Release|Any CPU
		{BB149B12-2CBF-42FD-8A8F-5344CB9D46FB}.Release|Any CPU.Build.0 = Release|Any CPU
		{82376FE0-7EED-4A23-8E9D-B7C09B08B932}.Debug|Any CPU.ActiveCfg = Debug|Any CPU
		{82376FE0-7EED-4A23-8E9D-B7C09B08B932}.Debug|Any CPU.Build.0 = Debug|Any CPU
		{82376FE0-7EED-4A23-8E9D-B7C09B08B932}.Release|Any CPU.ActiveCfg = Release|Any CPU
		{82376FE0-7EED-4A23-8E9D-B7C09B08B932}.Release|Any CPU.Build.0 = Release|Any CPU
		{51573EDB-68BD-45F4-BCAD-5D5D16FFD54A}.Debug|Any CPU.ActiveCfg = Debug|Any CPU
		{51573EDB-68BD-45F4-BCAD-5D5D16FFD54A}.Debug|Any CPU.Build.0 = Debug|Any CPU
		{51573EDB-68BD-45F4-BCAD-5D5D16FFD54A}.Release|Any CPU.ActiveCfg = Release|Any CPU
		{51573EDB-68BD-45F4-BCAD-5D5D16FFD54A}.Release|Any CPU.Build.0 = Release|Any CPU
		{4EBFA6E5-0636-496C-8C46-991B05DF7491}.Debug|Any CPU.ActiveCfg = Debug|Any CPU
		{4EBFA6E5-0636-496C-8C46-991B05DF7491}.Debug|Any CPU.Build.0 = Debug|Any CPU
		{4EBFA6E5-0636-496C-8C46-991B05DF7491}.Release|Any CPU.ActiveCfg = Release|Any CPU
		{4EBFA6E5-0636-496C-8C46-991B05DF7491}.Release|Any CPU.Build.0 = Release|Any CPU
		{593727CB-41AB-424F-A363-2D077D0F2600}.Debug|Any CPU.ActiveCfg = Debug|Any CPU
		{593727CB-41AB-424F-A363-2D077D0F2600}.Debug|Any CPU.Build.0 = Debug|Any CPU
		{593727CB-41AB-424F-A363-2D077D0F2600}.Release|Any CPU.ActiveCfg = Release|Any CPU
		{593727CB-41AB-424F-A363-2D077D0F2600}.Release|Any CPU.Build.0 = Release|Any CPU
		{C3C47378-15DC-47DB-BBDA-51F4DFABA1FD}.Debug|Any CPU.ActiveCfg = Debug|Any CPU
		{C3C47378-15DC-47DB-BBDA-51F4DFABA1FD}.Debug|Any CPU.Build.0 = Debug|Any CPU
		{C3C47378-15DC-47DB-BBDA-51F4DFABA1FD}.Release|Any CPU.ActiveCfg = Release|Any CPU
		{C3C47378-15DC-47DB-BBDA-51F4DFABA1FD}.Release|Any CPU.Build.0 = Release|Any CPU
		{CCD9599A-76A3-4B1F-BC0D-64C17628B04E}.Debug|Any CPU.ActiveCfg = Debug|Any CPU
		{CCD9599A-76A3-4B1F-BC0D-64C17628B04E}.Debug|Any CPU.Build.0 = Debug|Any CPU
		{CCD9599A-76A3-4B1F-BC0D-64C17628B04E}.Release|Any CPU.ActiveCfg = Release|Any CPU
		{CCD9599A-76A3-4B1F-BC0D-64C17628B04E}.Release|Any CPU.Build.0 = Release|Any CPU
		{31A6DE86-46BF-4075-8511-EBA1FB32209A}.Debug|Any CPU.ActiveCfg = Debug|Any CPU
		{31A6DE86-46BF-4075-8511-EBA1FB32209A}.Debug|Any CPU.Build.0 = Debug|Any CPU
		{31A6DE86-46BF-4075-8511-EBA1FB32209A}.Release|Any CPU.ActiveCfg = Release|Any CPU
		{31A6DE86-46BF-4075-8511-EBA1FB32209A}.Release|Any CPU.Build.0 = Release|Any CPU
		{67E0A051-E52D-4E78-8444-24CF27520DEC}.Debug|Any CPU.ActiveCfg = Debug|Any CPU
		{67E0A051-E52D-4E78-8444-24CF27520DEC}.Debug|Any CPU.Build.0 = Debug|Any CPU
		{67E0A051-E52D-4E78-8444-24CF27520DEC}.Release|Any CPU.ActiveCfg = Release|Any CPU
		{67E0A051-E52D-4E78-8444-24CF27520DEC}.Release|Any CPU.Build.0 = Release|Any CPU
		{B7FCE7C4-37B3-46AB-89BF-B509DF837568}.Debug|Any CPU.ActiveCfg = Debug|Any CPU
		{B7FCE7C4-37B3-46AB-89BF-B509DF837568}.Debug|Any CPU.Build.0 = Debug|Any CPU
		{B7FCE7C4-37B3-46AB-89BF-B509DF837568}.Release|Any CPU.ActiveCfg = Release|Any CPU
		{B7FCE7C4-37B3-46AB-89BF-B509DF837568}.Release|Any CPU.Build.0 = Release|Any CPU
	EndGlobalSection
	GlobalSection(SolutionProperties) = preSolution
		HideSolutionNode = FALSE
	EndGlobalSection
	GlobalSection(NestedProjects) = preSolution
		{11866362-024D-4433-AE33-F460DF9AFBF3} = {97C656C4-B860-4751-AC7A-A6A24AA658F9}
		{A58DB891-B673-4EE3-A3F6-3C9693C49200} = {97C656C4-B860-4751-AC7A-A6A24AA658F9}
		{BB149B12-2CBF-42FD-8A8F-5344CB9D46FB} = {B06D0F78-41D0-4B98-8B9A-FEDB6A6601B7}
		{82376FE0-7EED-4A23-8E9D-B7C09B08B932} = {1AF24BE4-34AA-45CF-8596-6D6C01F3DFD1}
		{51573EDB-68BD-45F4-BCAD-5D5D16FFD54A} = {97C656C4-B860-4751-AC7A-A6A24AA658F9}
		{4EBFA6E5-0636-496C-8C46-991B05DF7491} = {CA314C13-93CD-4E9E-9937-6EFC987ADB3A}
		{593727CB-41AB-424F-A363-2D077D0F2600} = {B06D0F78-41D0-4B98-8B9A-FEDB6A6601B7}
		{C3C47378-15DC-47DB-BBDA-51F4DFABA1FD} = {4D2F7114-AE1E-423E-9F48-4129B8F47A17}
		{CCD9599A-76A3-4B1F-BC0D-64C17628B04E} = {CFD52CC7-4028-4B90-9F04-F87B629D91B1}
		{31A6DE86-46BF-4075-8511-EBA1FB32209A} = {CA314C13-93CD-4E9E-9937-6EFC987ADB3A}
		{67E0A051-E52D-4E78-8444-24CF27520DEC} = {1AF24BE4-34AA-45CF-8596-6D6C01F3DFD1}
		{B7FCE7C4-37B3-46AB-89BF-B509DF837568} = {4CA942E0-809B-45F7-A243-5F8C5BA51636}
	EndGlobalSection
	GlobalSection(ExtensibilityGlobals) = postSolution
		SolutionGuid = {07382384-E7AC-4C57-BC65-5DF0AC1213CC}
	EndGlobalSection
EndGlobal
